{
	"name": "ui5-typescript-helloworld",
	"version": "1.0.0",
	"lockfileVersion": 2,
	"requires": true,
	"packages": {
		"": {
			"name": "ui5-typescript-helloworld",
			"version": "1.0.0",
			"license": "Apache-2.0",
			"devDependencies": {
				"@types/jquery": "3.5.14",
				"@types/openui5": "1.97.0",
				"@types/qunit": "2.11.3",
				"typescript": "^4.6.2"
			}
		},
		"node_modules/@types/jquery": {
			"version": "3.5.14",
			"resolved": "https://registry.npmjs.org/@types/jquery/-/jquery-3.5.14.tgz",
			"integrity": "sha512-X1gtMRMbziVQkErhTQmSe2jFwwENA/Zr+PprCkF63vFq+Yt5PZ4AlKqgmeNlwgn7dhsXEK888eIW2520EpC+xg==",
			"dev": true,
			"dependencies": {
				"@types/sizzle": "*"
			}
		},
		"node_modules/@types/openui5": {
			"version": "1.97.0",
			"resolved": "https://registry.npmjs.org/@types/openui5/-/openui5-1.97.0.tgz",
			"integrity": "sha512-Tt8PSEIrR5Np5obyVdAD/E4B1Jr30B4kGdqHG5tckoaLzIjrQ7w6VraPTB4CsQUOQzuW24o6LEiJwMXIxYudjA==",
			"dev": true,
			"dependencies": {
				"@types/jquery": "*",
				"@types/qunit": "*"
			}
		},
		"node_modules/@types/qunit": {
			"version": "2.11.3",
			"resolved": "https://registry.npmjs.org/@types/qunit/-/qunit-2.11.3.tgz",
			"integrity": "sha512-UF/4jDehcpRlMXzKXi2Z59Id48/uYlMeUDhYdjFrVVwy30Eud/e60Ok3yVjSPlHprafj3B315uFTrF6eqQTeSw==",
			"dev": true
		},
		"node_modules/@types/sizzle": {
			"version": "2.3.3",
			"resolved": "https://registry.npmjs.org/@types/sizzle/-/sizzle-2.3.3.tgz",
			"integrity": "sha512-JYM8x9EGF163bEyhdJBpR2QX1R5naCJHC8ucJylJ3w9/CVBaskdQ8WqBf8MmQrd1kRvp/a4TS8HJ+bxzR7ZJYQ==",
			"dev": true
		},
		"node_modules/typescript": {
			"version": "4.8.4",
			"resolved": "https://registry.npmjs.org/typescript/-/typescript-4.8.4.tgz",
			"integrity": "sha512-QCh+85mCy+h0IGff8r5XWzOVSbBO+KfeYrMQh7NJ58QujwcE22u+NUSmUxqF+un70P9GXKxa2HCNiTTMJknyjQ==",
			"dev": true,
			"bin": {
				"tsc": "bin/tsc",
				"tsserver": "bin/tsserver"
			},
			"engines": {
				"node": ">=4.2.0"
			}
		}
	},
	"dependencies": {
		"@types/jquery": {
			"version": "3.5.14",
			"resolved": "https://registry.npmjs.org/@types/jquery/-/jquery-3.5.14.tgz",
			"integrity": "sha512-X1gtMRMbziVQkErhTQmSe2jFwwENA/Zr+PprCkF63vFq+Yt5PZ4AlKqgmeNlwgn7dhsXEK888eIW2520EpC+xg==",
			"dev": true,
			"requires": {
				"@types/sizzle": "*"
			}
		},
		"@types/openui5": {
			"version": "1.97.0",
			"resolved": "https://registry.npmjs.org/@types/openui5/-/openui5-1.97.0.tgz",
			"integrity": "sha512-Tt8PSEIrR5Np5obyVdAD/E4B1Jr30B4kGdqHG5tckoaLzIjrQ7w6VraPTB4CsQUOQzuW24o6LEiJwMXIxYudjA==",
			"dev": true,
			"requires": {
				"@types/jquery": "*",
				"@types/qunit": "*"
			}
		},
		"@types/qunit": {
			"version": "2.11.3",
			"resolved": "https://registry.npmjs.org/@types/qunit/-/qunit-2.11.3.tgz",
			"integrity": "sha512-UF/4jDehcpRlMXzKXi2Z59Id48/uYlMeUDhYdjFrVVwy30Eud/e60Ok3yVjSPlHprafj3B315uFTrF6eqQTeSw==",
			"dev": true
		},
		"@types/sizzle": {
			"version": "2.3.3",
			"resolved": "https://registry.npmjs.org/@types/sizzle/-/sizzle-2.3.3.tgz",
			"integrity": "sha512-JYM8x9EGF163bEyhdJBpR2QX1R5naCJHC8ucJylJ3w9/CVBaskdQ8WqBf8MmQrd1kRvp/a4TS8HJ+bxzR7ZJYQ==",
			"dev": true
		},
		"typescript": {
			"version": "4.8.4",
			"resolved": "https://registry.npmjs.org/typescript/-/typescript-4.8.4.tgz",
			"integrity": "sha512-QCh+85mCy+h0IGff8r5XWzOVSbBO+KfeYrMQh7NJ58QujwcE22u+NUSmUxqF+un70P9GXKxa2HCNiTTMJknyjQ==",
			"dev": true
		}
	}
}
